
Microsoft Visual Studio Solution File, Format Version 12.00
# Visual Studio Version 17
VisualStudioVersion = 17.7.34031.279
MinimumVisualStudioVersion = 10.0.40219.1
Project("{9A19103F-16F7-4668-BE54-9A1E7A4F7556}") = "ProyectoMataMonstruo", "MataMonstruoMain\ProyectoMataMonstruo.csproj", "{19D6215C-5C7B-4BA8-AD64-646B267A5ED0}"
EndProject
Project("{9A19103F-16F7-4668-BE54-9A1E7A4F7556}") = "MataMonstruoFunctions", "MataMonstruoFunctions\MataMonstruoFunctions.csproj", "{4A61D3F2-E901-4D3A-807F-DBF32DDC8274}"
EndProject
Project("{2150E333-8FDC-42A3-9474-1A3956D46DE8}") = "Solution Items", "Solution Items", "{CDA258B4-883C-453B-A56E-F7677D20D642}"
	ProjectSection(SolutionItems) = preProject
		README.md = README.md
	EndProjectSection
EndProject
Project("{9A19103F-16F7-4668-BE54-9A1E7A4F7556}") = "GameProjectTests", "MataMonstruoTests\GameProjectTests.csproj", "{0F2B9B9F-4DA2-40B0-903D-9C62B558386C}"
EndProject
Global
	GlobalSection(SolutionConfigurationPlatforms) = preSolution
		Debug|Any CPU = Debug|Any CPU
		Release|Any CPU = Release|Any CPU
	EndGlobalSection
	GlobalSection(ProjectConfigurationPlatforms) = postSolution
		{19D6215C-5C7B-4BA8-AD64-646B267A5ED0}.Debug|Any CPU.ActiveCfg = Debug|Any CPU
		{19D6215C-5C7B-4BA8-AD64-646B267A5ED0}.Debug|Any CPU.Build.0 = Debug|Any CPU
		{19D6215C-5C7B-4BA8-AD64-646B267A5ED0}.Release|Any CPU.ActiveCfg = Release|Any CPU
		{19D6215C-5C7B-4BA8-AD64-646B267A5ED0}.Release|Any CPU.Build.0 = Release|Any CPU
		{4A61D3F2-E901-4D3A-807F-DBF32DDC8274}.Debug|Any CPU.ActiveCfg = Debug|Any CPU
		{4A61D3F2-E901-4D3A-807F-DBF32DDC8274}.Debug|Any CPU.Build.0 = Debug|Any CPU
		{4A61D3F2-E901-4D3A-807F-DBF32DDC8274}.Release|Any CPU.ActiveCfg = Release|Any CPU
		{4A61D3F2-E901-4D3A-807F-DBF32DDC8274}.Release|Any CPU.Build.0 = Release|Any CPU
		{0F2B9B9F-4DA2-40B0-903D-9C62B558386C}.Debug|Any CPU.ActiveCfg = Debug|Any CPU
		{0F2B9B9F-4DA2-40B0-903D-9C62B558386C}.Debug|Any CPU.Build.0 = Debug|Any CPU
		{0F2B9B9F-4DA2-40B0-903D-9C62B558386C}.Release|Any CPU.ActiveCfg = Release|Any CPU
		{0F2B9B9F-4DA2-40B0-903D-9C62B558386C}.Release|Any CPU.Build.0 = Release|Any CPU
	EndGlobalSection
	GlobalSection(SolutionProperties) = preSolution
		HideSolutionNode = FALSE
	EndGlobalSection
	GlobalSection(ExtensibilityGlobals) = postSolution
		SolutionGuid = {CF7F46E0-45DF-494C-84AA-4FB7718C82C8}
	EndGlobalSection
EndGlobal
